Microsoft Visual Studio Solution File, Format Version 12.00
# Visual Studio 2012
Project("{FAE04EC0-301F-11D3-BF4B-00C04F79EFBC}") = "PixelDot", "PixelDot.csproj", "{718CCB29-B511-4400-AA1F-90044209B0FD}"
EndProject
Global
	GlobalSection(SolutionConfigurationPlatforms) = preSolution
	Debug|Any CPU = Debug|Any CPU
	ExportDebug|Any CPU = ExportDebug|Any CPU
	ExportRelease|Any CPU = ExportRelease|Any CPU
	EndGlobalSection
	GlobalSection(ProjectConfigurationPlatforms) = postSolution
		{718CCB29-B511-4400-AA1F-90044209B0FD}.Debug|Any CPU.ActiveCfg = Debug|Any CPU
		{718CCB29-B511-4400-AA1F-90044209B0FD}.Debug|Any CPU.Build.0 = Debug|Any CPU
		{718CCB29-B511-4400-AA1F-90044209B0FD}.ExportDebug|Any CPU.ActiveCfg = ExportDebug|Any CPU
		{718CCB29-B511-4400-AA1F-90044209B0FD}.ExportDebug|Any CPU.Build.0 = ExportDebug|Any CPU
		{718CCB29-B511-4400-AA1F-90044209B0FD}.ExportRelease|Any CPU.ActiveCfg = ExportRelease|Any CPU
		{718CCB29-B511-4400-AA1F-90044209B0FD}.ExportRelease|Any CPU.Build.0 = ExportRelease|Any CPU
	EndGlobalSection
EndGlobal
